# THIS IS AN AUTOGENERATED FILE. DO NOT EDIT THIS FILE DIRECTLY.
# yarn lockfile v1


bl@^2.0.0:
  version "2.0.0"
  resolved "http://r.cnpmjs.org/bl/download/bl-2.0.0.tgz#faa080459216250225f431e888aec87fc6aeac48"
  dependencies:
    readable-stream "^2.3.5"
    safe-buffer "^5.1.1"

core-util-is@~1.0.0:
  version "1.0.2"
  resolved "http://registry.npm.taobao.org/core-util-is/download/core-util-is-1.0.2.tgz#b5fd54220aa2bc5ab57aab7140c940754503c1a7"

inherits@^2.0.3, inherits@~2.0.3:
  version "2.0.3"
  resolved "http://registry.npm.taobao.org/inherits/download/inherits-2.0.3.tgz#633c2c83e3da42a502f52466022480f4208261de"

isarray@~1.0.0:
  version "1.0.0"
  resolved "http://registry.npm.taobao.org/isarray/download/isarray-1.0.0.tgz#bb935d48582cba168c06834957a54a3e07124f11"

msgpack5@^4.2.0:
  version "4.2.0"
  resolved "http://r.cnpmjs.org/msgpack5/download/msgpack5-4.2.0.tgz#e005ec893b71e1140bb177f2d1f4b7f290169611"
  dependencies:
    bl "^2.0.0"
    inherits "^2.0.3"
    readable-stream "^2.3.6"
    safe-buffer "^5.1.2"

process-nextick-args@~2.0.0:
  version "2.0.0"
  resolved "http://r.cnpmjs.org/process-nextick-args/download/process-nextick-args-2.0.0.tgz#a37d732f4271b4ab1ad070d35508e8290788ffaa"

readable-stream@^2.3.5, readable-stream@^2.3.6:
  version "2.3.6"
  resolved "http://r.cnpmjs.org/readable-stream/download/readable-stream-2.3.6.tgz#b11c27d88b8ff1fbe070643cf94b0c79ae1b0aaf"
  dependencies:
    core-util-is "~1.0.0"
    inherits "~2.0.3"
    isarray "~1.0.0"
    process-nextick-args "~2.0.0"
    safe-buffer "~5.1.1"
    string_decoder "~1.1.1"
    util-deprecate "~1.0.1"

safe-buffer@^5.1.1, safe-buffer@^5.1.2, safe-buffer@~5.1.0, safe-buffer@~5.1.1:
  version "5.1.2"
  resolved "http://r.cnpmjs.org/safe-buffer/download/safe-buffer-5.1.2.tgz#991ec69d296e0313747d59bdfd2b745c35f8828d"

string_decoder@~1.1.1:
  version "1.1.1"
  resolved "http://r.cnpmjs.org/string_decoder/download/string_decoder-1.1.1.tgz#9cf1611ba62685d7030ae9e4ba34149c3af03fc8"
  dependencies:
    safe-buffer "~5.1.0"

util-deprecate@~1.0.1:
  version "1.0.2"
  resolved "http://registry.npm.taobao.org/util-deprecate/download/util-deprecate-1.0.2.tgz#450d4dc9fa70de732762fbd2d4a28981419a0ccf"
